{
    "_readme": [
        "This file locks the dependencies of your project to a known state",
        "Read more about it at https://getcomposer.org/doc/01-basic-usage.md#installing-dependencies",
        "This file is @generated automatically"
    ],
    "content-hash": "04239efd7e994bb2ec4a15c59f6a80e4",
    "packages": [
        {
            "name": "sagittaracc/arrays",
            "version": "v0.1.3",
            "source": {
                "type": "git",
                "url": "https://github.com/sagittaracc/arrays.git",
                "reference": "e8d4ade35316c9393c2022196af80b30552c000b"
            },
            "dist": {
                "type": "zip",
                "url": "https://api.github.com/repos/sagittaracc/arrays/zipball/e8d4ade35316c9393c2022196af80b30552c000b",
                "reference": "e8d4ade35316c9393c2022196af80b30552c000b",
                "shasum": ""
            },
            "require-dev": {
                "phpunit/phpunit": "^9"
            },
            "type": "library",
            "autoload": {
                "classmap": [
                    "src/"
                ]
            },
            "notification-url": "https://packagist.org/downloads/",
            "support": {
                "issues": "https://github.com/sagittaracc/arrays/issues",
                "source": "https://github.com/sagittaracc/arrays/tree/v0.1.3"
            },
            "time": "2021-06-15T13:45:22+00:00"
        },
        {
            "name": "sagittaracc/placeholder",
            "version": "v0.1.3",
            "source": {
                "type": "git",
                "url": "https://github.com/sagittaracc/placeholder.git",
                "reference": "48f9dd30ae868e65e1149938e15d56838642e264"
            },
            "dist": {
                "type": "zip",
                "url": "https://api.github.com/repos/sagittaracc/placeholder/zipball/48f9dd30ae868e65e1149938e15d56838642e264",
                "reference": "48f9dd30ae868e65e1149938e15d56838642e264",
                "shasum": ""
            },
            "require": {
                "sagittaracc/arrays": "~0.1.1"
            },
            "require-dev": {
                "phpunit/phpunit": "^9"
            },
            "type": "library",
            "autoload": {
                "classmap": [
                    "src/"
                ]
            },
            "notification-url": "https://packagist.org/downloads/",
            "support": {
                "issues": "https://github.com/sagittaracc/placeholder/issues",
                "source": "https://github.com/sagittaracc/placeholder/tree/v0.1.3"
            },
            "time": "2021-06-15T13:00:13+00:00"
        },
        {
            "name": "sagittaracc/strings",
            "version": "v0.1.1",
            "source": {
                "type": "git",
                "url": "https://github.com/sagittaracc/strings.git",
                "reference": "95a045651fb7a5102ed62fac52c5bd784e465be3"
            },
            "dist": {
                "type": "zip",
                "url": "https://api.github.com/repos/sagittaracc/strings/zipball/95a045651fb7a5102ed62fac52c5bd784e465be3",
                "reference": "95a045651fb7a5102ed62fac52c5bd784e465be3",
                "shasum": ""
            },
            "require-dev": {
                "phpunit/phpunit": "^9"
            },
            "type": "library",
            "autoload": {
                "classmap": [
                    "src/"
                ]
            },
            "notification-url": "https://packagist.org/downloads/",
            "support": {
                "issues": "https://github.com/sagittaracc/strings/issues",
                "source": "https://github.com/sagittaracc/strings/tree/v0.1.1"
            },
            "time": "2021-06-09T13:24:04+00:00"
        },
        {
            "name": "sagittaracc/suql",
            "version": "dev-master",
            "source": {
                "type": "git",
                "url": "https://github.com/sagittaracc/suql.git",
                "reference": "5fd71c6c52a4d23c7b4206b0e464f2401c51b7e7"
            },
            "dist": {
                "type": "zip",
                "url": "https://api.github.com/repos/sagittaracc/suql/zipball/5fd71c6c52a4d23c7b4206b0e464f2401c51b7e7",
                "reference": "5fd71c6c52a4d23c7b4206b0e464f2401c51b7e7",
                "shasum": ""
            },
            "require": {
                "sagittaracc/arrays": "^0.1",
                "sagittaracc/placeholder": "^0.1",
                "sagittaracc/strings": "^0.1"
            },
            "require-dev": {
                "phpunit/phpunit": "^9"
            },
            "default-branch": true,
            "type": "library",
            "autoload": {
                "classmap": [
                    "src/",
                    "tests/"
                ]
            },
            "notification-url": "https://packagist.org/downloads/",
            "license": [
                "MIT"
            ],
            "authors": [
                {
                    "name": "sagittaracc",
                    "email": "sagittaracc@gmail.com"
                }
            ],
            "description": "Sugar SQL",
            "support": {
                "issues": "https://github.com/sagittaracc/suql/issues",
                "source": "https://github.com/sagittaracc/suql/tree/master"
            },
            "funding": [
                {
                    "url": "https://www.patreon.com/Sagittaracc",
                    "type": "patreon"
                }
            ],
            "time": "2021-06-15T14:18:39+00:00"
        }
    ],
    "packages-dev": [],
    "aliases": [],
    "minimum-stability": "stable",
    "stability-flags": {
        "sagittaracc/suql": 20
    },
    "prefer-stable": false,
    "prefer-lowest": false,
    "platform": [],
    "platform-dev": [],
    "plugin-api-version": "2.0.0"
}
